
Microsoft Visual Studio Solution File, Format Version 12.00
# Visual Studio Version 17
VisualStudioVersion = 17.11.35208.52
MinimumVisualStudioVersion = 10.0.40219.1
Project("{888888A0-9F3D-457C-B088-3A5042F75D52}") = "Formulario Vr.01", "Formulario Vr.01\Formulario Vr.01.pyproj", "{F526BBB6-0C73-414E-B53B-F3ADEA9C1B32}"
EndProject
Global
	GlobalSection(SolutionConfigurationPlatforms) = preSolution
		Debug|Any CPU = Debug|Any CPU
		Release|Any CPU = Release|Any CPU
	EndGlobalSection
	GlobalSection(ProjectConfigurationPlatforms) = postSolution
		{F526BBB6-0C73-414E-B53B-F3ADEA9C1B32}.Debug|Any CPU.ActiveCfg = Debug|Any CPU
		{F526BBB6-0C73-414E-B53B-F3ADEA9C1B32}.Release|Any CPU.ActiveCfg = Release|Any CPU
	EndGlobalSection
	GlobalSection(SolutionProperties) = preSolution
		HideSolutionNode = FALSE
	EndGlobalSection
	GlobalSection(ExtensibilityGlobals) = postSolution
		SolutionGuid = {9280DD33-CD51-4722-9391-EBD2F973F7D6}
	EndGlobalSection
EndGlobal
